{
  "name": "changelog-standard",
  "version": "1.0.0",
  "lockfileVersion": 1,
  "requires": true,
  "dependencies": {
    "git-cz": {
      "version": "4.8.0",
      "resolved": "https://registry.npmmirror.com/git-cz/download/git-cz-4.8.0.tgz",
      "integrity": "sha1-nd5YnOThLVqk7k/lTG7vX0Y15sM=",
      "dev": true
    }
  }
}
